
Microsoft Visual Studio Solution File, Format Version 12.00
# Visual Studio Version 16
VisualStudioVersion = 16.0.30011.19
MinimumVisualStudioVersion = 10.0.40219.1
Project("{FAE04EC0-301F-11D3-BF4B-00C04F79EFBC}") = "Herokudeploy", "Herokudeploy.csproj", "{76FF1CE4-F271-4DE2-93AF-DB5BE8D79ACC}"
EndProject
Global
	GlobalSection(SolutionConfigurationPlatforms) = preSolution
		Debug|Any CPU = Debug|Any CPU
		Release|Any CPU = Release|Any CPU
	EndGlobalSection
	GlobalSection(ProjectConfigurationPlatforms) = postSolution
		{76FF1CE4-F271-4DE2-93AF-DB5BE8D79ACC}.Debug|Any CPU.ActiveCfg = Debug|Any CPU
		{76FF1CE4-F271-4DE2-93AF-DB5BE8D79ACC}.Debug|Any CPU.Build.0 = Debug|Any CPU
		{76FF1CE4-F271-4DE2-93AF-DB5BE8D79ACC}.Release|Any CPU.ActiveCfg = Release|Any CPU
		{76FF1CE4-F271-4DE2-93AF-DB5BE8D79ACC}.Release|Any CPU.Build.0 = Release|Any CPU
	EndGlobalSection
	GlobalSection(SolutionProperties) = preSolution
		HideSolutionNode = FALSE
	EndGlobalSection
	GlobalSection(ExtensibilityGlobals) = postSolution
		SolutionGuid = {D7D601FB-78D0-436F-8E37-4188E8C591B1}
	EndGlobalSection
EndGlobal
